
Microsoft Visual Studio Solution File, Format Version 12.00
# Visual Studio 15
VisualStudioVersion = 15.0.28307.757
MinimumVisualStudioVersion = 10.0.40219.1
Project("{FAE04EC0-301F-11D3-BF4B-00C04F79EFBC}") = "KalkulatorSederhana", "KalkulatorSederhana\KalkulatorSederhana.csproj", "{9B8505DD-79E9-4017-8AFD-10E5BCDBDAC4}"
EndProject
Global
	GlobalSection(SolutionConfigurationPlatforms) = preSolution
		Debug|Any CPU = Debug|Any CPU
		Release|Any CPU = Release|Any CPU
	EndGlobalSection
	GlobalSection(ProjectConfigurationPlatforms) = postSolution
		{9B8505DD-79E9-4017-8AFD-10E5BCDBDAC4}.Debug|Any CPU.ActiveCfg = Debug|Any CPU
		{9B8505DD-79E9-4017-8AFD-10E5BCDBDAC4}.Debug|Any CPU.Build.0 = Debug|Any CPU
		{9B8505DD-79E9-4017-8AFD-10E5BCDBDAC4}.Release|Any CPU.ActiveCfg = Release|Any CPU
		{9B8505DD-79E9-4017-8AFD-10E5BCDBDAC4}.Release|Any CPU.Build.0 = Release|Any CPU
	EndGlobalSection
	GlobalSection(SolutionProperties) = preSolution
		HideSolutionNode = FALSE
	EndGlobalSection
	GlobalSection(ExtensibilityGlobals) = postSolution
		SolutionGuid = {E4A758A5-8DBE-48B3-AAC3-E0FEB3980DC4}
	EndGlobalSection
EndGlobal
